
Microsoft Visual Studio Solution File, Format Version 12.00
# Visual Studio Version 17
VisualStudioVersion = 17.11.35222.181
MinimumVisualStudioVersion = 10.0.40219.1
Project("{FAE04EC0-301F-11D3-BF4B-00C04F79EFBC}") = "SQLScriptExecTool", "SQLScriptExecTool.csproj", "{9CC82525-A32D-4C74-83D0-150DFE6B4457}"
EndProject
Global
	GlobalSection(SolutionConfigurationPlatforms) = preSolution
		Debug|Any CPU = Debug|Any CPU
		Release|Any CPU = Release|Any CPU
	EndGlobalSection
	GlobalSection(ProjectConfigurationPlatforms) = postSolution
		{9CC82525-A32D-4C74-83D0-150DFE6B4457}.Debug|Any CPU.ActiveCfg = Debug|Any CPU
		{9CC82525-A32D-4C74-83D0-150DFE6B4457}.Debug|Any CPU.Build.0 = Debug|Any CPU
		{9CC82525-A32D-4C74-83D0-150DFE6B4457}.Release|Any CPU.ActiveCfg = Release|Any CPU
		{9CC82525-A32D-4C74-83D0-150DFE6B4457}.Release|Any CPU.Build.0 = Release|Any CPU
	EndGlobalSection
	GlobalSection(SolutionProperties) = preSolution
		HideSolutionNode = FALSE
	EndGlobalSection
	GlobalSection(ExtensibilityGlobals) = postSolution
		SolutionGuid = {A628F89A-9374-489A-8CA7-992CA3D0A41B}
	EndGlobalSection
EndGlobal
