
Microsoft Visual Studio Solution File, Format Version 12.00
# Visual Studio Version 17
VisualStudioVersion = 17.14.36414.22 d17.14
MinimumVisualStudioVersion = 10.0.40219.1
Project("{FAE04EC0-301F-11D3-BF4B-00C04F79EFBC}") = "BackupTool", "BackupTool.csproj", "{2BE587EB-1F3B-42FB-B32F-D5B25B03C909}"
EndProject
Global
	GlobalSection(SolutionConfigurationPlatforms) = preSolution
		Debug|Any CPU = Debug|Any CPU
		Release|Any CPU = Release|Any CPU
	EndGlobalSection
	GlobalSection(ProjectConfigurationPlatforms) = postSolution
		{2BE587EB-1F3B-42FB-B32F-D5B25B03C909}.Debug|Any CPU.ActiveCfg = Debug|Any CPU
		{2BE587EB-1F3B-42FB-B32F-D5B25B03C909}.Debug|Any CPU.Build.0 = Debug|Any CPU
		{2BE587EB-1F3B-42FB-B32F-D5B25B03C909}.Release|Any CPU.ActiveCfg = Release|Any CPU
		{2BE587EB-1F3B-42FB-B32F-D5B25B03C909}.Release|Any CPU.Build.0 = Release|Any CPU
	EndGlobalSection
	GlobalSection(SolutionProperties) = preSolution
		HideSolutionNode = FALSE
	EndGlobalSection
	GlobalSection(ExtensibilityGlobals) = postSolution
		SolutionGuid = {B1B0B8F5-1244-4D58-92D0-55E06B1E2D09}
	EndGlobalSection
EndGlobal
