
Microsoft Visual Studio Solution File, Format Version 12.00
# Visual Studio Version 17
VisualStudioVersion = 17.7.34003.232
MinimumVisualStudioVersion = 10.0.40219.1
Project("{FAE04EC0-301F-11D3-BF4B-00C04F79EFBC}") = "Utils", "Utils\Utils.csproj", "{65B858B0-FA7C-8D60-ADB1-EB168B88825D}"
EndProject
Project("{FAE04EC0-301F-11D3-BF4B-00C04F79EFBC}") = "WinFormUtils", "WinFormUtils\WinFormUtils.csproj", "{C23B5DA6-0013-42CC-CA18-8A6679149B89}"
EndProject
Project("{2150E333-8FDC-42A3-9474-1A3956D46DE8}") = "2.Utils", "2.Utils", "{02EA681E-C7D8-13C7-8484-4AC65E1B71E8}"
EndProject
Project("{2150E333-8FDC-42A3-9474-1A3956D46DE8}") = "1.Games", "1.Games", "{DF4E798B-BCAE-4E86-A766-B3A3C4537ADD}"
EndProject
Project("{FAE04EC0-301F-11D3-BF4B-00C04F79EFBC}") = "GameOfLife", "Game\GameOfLife\GameOfLife.csproj", "{24BAE650-D811-3D1D-D94F-11E4F7C13C74}"
EndProject
Project("{FAE04EC0-301F-11D3-BF4B-00C04F79EFBC}") = "GenerateTree", "Game\GenerateTree\GenerateTree.csproj", "{5FB92BF8-499C-5149-98BC-4BC9AF7CA11A}"
EndProject
Project("{FAE04EC0-301F-11D3-BF4B-00C04F79EFBC}") = "Minesweeper", "Game\Minesweeper\Minesweeper.csproj", "{3966DC5B-3567-A869-F19C-9E61EDEAB335}"
EndProject
Project("{FAE04EC0-301F-11D3-BF4B-00C04F79EFBC}") = "MoveSimulation", "Game\MoveSimulation\MoveSimulation.csproj", "{BCDAADD4-FA13-8820-D9C3-F81A7B29FD88}"
EndProject
Project("{FAE04EC0-301F-11D3-BF4B-00C04F79EFBC}") = "PokerGame", "Game\PokerGame\PokerGame.csproj", "{F0CE5720-51A4-B869-8A7F-8D5957FC3D10}"
EndProject
Project("{FAE04EC0-301F-11D3-BF4B-00C04F79EFBC}") = "Reversi", "Game\Reversi\Reversi.csproj", "{A303D1CA-3891-0F29-C58C-E8BCA5D65AC5}"
EndProject
Project("{FAE04EC0-301F-11D3-BF4B-00C04F79EFBC}") = "Sudoku", "Game\Sudoku\Sudoku\Sudoku.csproj", "{259475AF-ADF1-C6CD-CE5E-C446813E4F2C}"
EndProject
Project("{2150E333-8FDC-42A3-9474-1A3956D46DE8}") = "_Sudoku", "_Sudoku", "{C8D3BC08-0A9A-47B0-974C-99FA51309227}"
EndProject
Project("{FAE04EC0-301F-11D3-BF4B-00C04F79EFBC}") = "SudokuConsole", "Game\Sudoku\SudokuConsole\SudokuConsole.csproj", "{3F6E5F02-C370-89DD-FE7D-F762A8EFD98D}"
EndProject
Project("{FAE04EC0-301F-11D3-BF4B-00C04F79EFBC}") = "SudokuForm", "Game\Sudoku\SudokuForm\SudokuForm.csproj", "{CD1AE20B-40DD-8A15-4C11-397041687240}"
EndProject
Project("{FAE04EC0-301F-11D3-BF4B-00C04F79EFBC}") = "Maze", "Game\Maze\Maze.csproj", "{59E2C395-0F22-07AB-75B2-52335BB6726B}"
EndProject
Project("{FAE04EC0-301F-11D3-BF4B-00C04F79EFBC}") = "G2048", "Game\G2048\G2048.csproj", "{E0BB6A3E-537F-4A21-AD2A-F30E4057C612}"
EndProject
Global
	GlobalSection(SolutionConfigurationPlatforms) = preSolution
		Debug|Any CPU = Debug|Any CPU
		Release|Any CPU = Release|Any CPU
	EndGlobalSection
	GlobalSection(ProjectConfigurationPlatforms) = postSolution
		{65B858B0-FA7C-8D60-ADB1-EB168B88825D}.Debug|Any CPU.ActiveCfg = Debug|Any CPU
		{65B858B0-FA7C-8D60-ADB1-EB168B88825D}.Debug|Any CPU.Build.0 = Debug|Any CPU
		{65B858B0-FA7C-8D60-ADB1-EB168B88825D}.Release|Any CPU.ActiveCfg = Release|Any CPU
		{65B858B0-FA7C-8D60-ADB1-EB168B88825D}.Release|Any CPU.Build.0 = Release|Any CPU
		{C23B5DA6-0013-42CC-CA18-8A6679149B89}.Debug|Any CPU.ActiveCfg = Debug|Any CPU
		{C23B5DA6-0013-42CC-CA18-8A6679149B89}.Debug|Any CPU.Build.0 = Debug|Any CPU
		{C23B5DA6-0013-42CC-CA18-8A6679149B89}.Release|Any CPU.ActiveCfg = Release|Any CPU
		{C23B5DA6-0013-42CC-CA18-8A6679149B89}.Release|Any CPU.Build.0 = Release|Any CPU
		{24BAE650-D811-3D1D-D94F-11E4F7C13C74}.Debug|Any CPU.ActiveCfg = Debug|Any CPU
		{24BAE650-D811-3D1D-D94F-11E4F7C13C74}.Debug|Any CPU.Build.0 = Debug|Any CPU
		{24BAE650-D811-3D1D-D94F-11E4F7C13C74}.Release|Any CPU.ActiveCfg = Release|Any CPU
		{24BAE650-D811-3D1D-D94F-11E4F7C13C74}.Release|Any CPU.Build.0 = Release|Any CPU
		{5FB92BF8-499C-5149-98BC-4BC9AF7CA11A}.Debug|Any CPU.ActiveCfg = Debug|Any CPU
		{5FB92BF8-499C-5149-98BC-4BC9AF7CA11A}.Debug|Any CPU.Build.0 = Debug|Any CPU
		{5FB92BF8-499C-5149-98BC-4BC9AF7CA11A}.Release|Any CPU.ActiveCfg = Release|Any CPU
		{5FB92BF8-499C-5149-98BC-4BC9AF7CA11A}.Release|Any CPU.Build.0 = Release|Any CPU
		{3966DC5B-3567-A869-F19C-9E61EDEAB335}.Debug|Any CPU.ActiveCfg = Debug|Any CPU
		{3966DC5B-3567-A869-F19C-9E61EDEAB335}.Debug|Any CPU.Build.0 = Debug|Any CPU
		{3966DC5B-3567-A869-F19C-9E61EDEAB335}.Release|Any CPU.ActiveCfg = Release|Any CPU
		{3966DC5B-3567-A869-F19C-9E61EDEAB335}.Release|Any CPU.Build.0 = Release|Any CPU
		{BCDAADD4-FA13-8820-D9C3-F81A7B29FD88}.Debug|Any CPU.ActiveCfg = Debug|Any CPU
		{BCDAADD4-FA13-8820-D9C3-F81A7B29FD88}.Debug|Any CPU.Build.0 = Debug|Any CPU
		{BCDAADD4-FA13-8820-D9C3-F81A7B29FD88}.Release|Any CPU.ActiveCfg = Release|Any CPU
		{BCDAADD4-FA13-8820-D9C3-F81A7B29FD88}.Release|Any CPU.Build.0 = Release|Any CPU
		{F0CE5720-51A4-B869-8A7F-8D5957FC3D10}.Debug|Any CPU.ActiveCfg = Debug|Any CPU
		{F0CE5720-51A4-B869-8A7F-8D5957FC3D10}.Debug|Any CPU.Build.0 = Debug|Any CPU
		{F0CE5720-51A4-B869-8A7F-8D5957FC3D10}.Release|Any CPU.ActiveCfg = Release|Any CPU
		{F0CE5720-51A4-B869-8A7F-8D5957FC3D10}.Release|Any CPU.Build.0 = Release|Any CPU
		{A303D1CA-3891-0F29-C58C-E8BCA5D65AC5}.Debug|Any CPU.ActiveCfg = Debug|Any CPU
		{A303D1CA-3891-0F29-C58C-E8BCA5D65AC5}.Debug|Any CPU.Build.0 = Debug|Any CPU
		{A303D1CA-3891-0F29-C58C-E8BCA5D65AC5}.Release|Any CPU.ActiveCfg = Release|Any CPU
		{A303D1CA-3891-0F29-C58C-E8BCA5D65AC5}.Release|Any CPU.Build.0 = Release|Any CPU
		{259475AF-ADF1-C6CD-CE5E-C446813E4F2C}.Debug|Any CPU.ActiveCfg = Debug|Any CPU
		{259475AF-ADF1-C6CD-CE5E-C446813E4F2C}.Debug|Any CPU.Build.0 = Debug|Any CPU
		{259475AF-ADF1-C6CD-CE5E-C446813E4F2C}.Release|Any CPU.ActiveCfg = Release|Any CPU
		{259475AF-ADF1-C6CD-CE5E-C446813E4F2C}.Release|Any CPU.Build.0 = Release|Any CPU
		{3F6E5F02-C370-89DD-FE7D-F762A8EFD98D}.Debug|Any CPU.ActiveCfg = Debug|Any CPU
		{3F6E5F02-C370-89DD-FE7D-F762A8EFD98D}.Debug|Any CPU.Build.0 = Debug|Any CPU
		{3F6E5F02-C370-89DD-FE7D-F762A8EFD98D}.Release|Any CPU.ActiveCfg = Release|Any CPU
		{3F6E5F02-C370-89DD-FE7D-F762A8EFD98D}.Release|Any CPU.Build.0 = Release|Any CPU
		{CD1AE20B-40DD-8A15-4C11-397041687240}.Debug|Any CPU.ActiveCfg = Debug|Any CPU
		{CD1AE20B-40DD-8A15-4C11-397041687240}.Debug|Any CPU.Build.0 = Debug|Any CPU
		{CD1AE20B-40DD-8A15-4C11-397041687240}.Release|Any CPU.ActiveCfg = Release|Any CPU
		{CD1AE20B-40DD-8A15-4C11-397041687240}.Release|Any CPU.Build.0 = Release|Any CPU
		{59E2C395-0F22-07AB-75B2-52335BB6726B}.Debug|Any CPU.ActiveCfg = Debug|Any CPU
		{59E2C395-0F22-07AB-75B2-52335BB6726B}.Debug|Any CPU.Build.0 = Debug|Any CPU
		{59E2C395-0F22-07AB-75B2-52335BB6726B}.Release|Any CPU.ActiveCfg = Release|Any CPU
		{59E2C395-0F22-07AB-75B2-52335BB6726B}.Release|Any CPU.Build.0 = Release|Any CPU
		{E0BB6A3E-537F-4A21-AD2A-F30E4057C612}.Debug|Any CPU.ActiveCfg = Debug|Any CPU
		{E0BB6A3E-537F-4A21-AD2A-F30E4057C612}.Debug|Any CPU.Build.0 = Debug|Any CPU
		{E0BB6A3E-537F-4A21-AD2A-F30E4057C612}.Release|Any CPU.ActiveCfg = Release|Any CPU
		{E0BB6A3E-537F-4A21-AD2A-F30E4057C612}.Release|Any CPU.Build.0 = Release|Any CPU
	EndGlobalSection
	GlobalSection(SolutionProperties) = preSolution
		HideSolutionNode = FALSE
	EndGlobalSection
	GlobalSection(NestedProjects) = preSolution
		{65B858B0-FA7C-8D60-ADB1-EB168B88825D} = {02EA681E-C7D8-13C7-8484-4AC65E1B71E8}
		{C23B5DA6-0013-42CC-CA18-8A6679149B89} = {02EA681E-C7D8-13C7-8484-4AC65E1B71E8}
		{24BAE650-D811-3D1D-D94F-11E4F7C13C74} = {DF4E798B-BCAE-4E86-A766-B3A3C4537ADD}
		{5FB92BF8-499C-5149-98BC-4BC9AF7CA11A} = {DF4E798B-BCAE-4E86-A766-B3A3C4537ADD}
		{3966DC5B-3567-A869-F19C-9E61EDEAB335} = {DF4E798B-BCAE-4E86-A766-B3A3C4537ADD}
		{BCDAADD4-FA13-8820-D9C3-F81A7B29FD88} = {DF4E798B-BCAE-4E86-A766-B3A3C4537ADD}
		{F0CE5720-51A4-B869-8A7F-8D5957FC3D10} = {DF4E798B-BCAE-4E86-A766-B3A3C4537ADD}
		{A303D1CA-3891-0F29-C58C-E8BCA5D65AC5} = {DF4E798B-BCAE-4E86-A766-B3A3C4537ADD}
		{259475AF-ADF1-C6CD-CE5E-C446813E4F2C} = {C8D3BC08-0A9A-47B0-974C-99FA51309227}
		{C8D3BC08-0A9A-47B0-974C-99FA51309227} = {DF4E798B-BCAE-4E86-A766-B3A3C4537ADD}
		{3F6E5F02-C370-89DD-FE7D-F762A8EFD98D} = {C8D3BC08-0A9A-47B0-974C-99FA51309227}
		{CD1AE20B-40DD-8A15-4C11-397041687240} = {C8D3BC08-0A9A-47B0-974C-99FA51309227}
		{59E2C395-0F22-07AB-75B2-52335BB6726B} = {DF4E798B-BCAE-4E86-A766-B3A3C4537ADD}
		{E0BB6A3E-537F-4A21-AD2A-F30E4057C612} = {DF4E798B-BCAE-4E86-A766-B3A3C4537ADD}
	EndGlobalSection
	GlobalSection(ExtensibilityGlobals) = postSolution
		SolutionGuid = {8FB2B57E-8AC8-4093-9A14-90AA220AE95A}
	EndGlobalSection
EndGlobal
