
Microsoft Visual Studio Solution File, Format Version 12.00
# Visual Studio Version 17
VisualStudioVersion = 17.5.33530.505
MinimumVisualStudioVersion = 10.0.40219.1
Project("{FAE04EC0-301F-11D3-BF4B-00C04F79EFBC}") = "ChatClient", "ChatClient/ChatClient.csproj", "{74F24EB8-FF33-4E01-961F-99C3FE085F37}"
EndProject
Global
	GlobalSection(SolutionConfigurationPlatforms) = preSolution
		Debug|Any CPU = Debug|Any CPU
		Release|Any CPU = Release|Any CPU
	EndGlobalSection
	GlobalSection(ProjectConfigurationPlatforms) = postSolution
		{74F24EB8-FF33-4E01-961F-99C3FE085F37}.Debug|Any CPU.ActiveCfg = Debug|Any CPU
		{74F24EB8-FF33-4E01-961F-99C3FE085F37}.Debug|Any CPU.Build.0 = Debug|Any CPU
		{74F24EB8-FF33-4E01-961F-99C3FE085F37}.Release|Any CPU.ActiveCfg = Release|Any CPU
		{74F24EB8-FF33-4E01-961F-99C3FE085F37}.Release|Any CPU.Build.0 = Release|Any CPU
	EndGlobalSection
	GlobalSection(SolutionProperties) = preSolution
		HideSolutionNode = FALSE
	EndGlobalSection
	GlobalSection(ExtensibilityGlobals) = postSolution
		SolutionGuid = {7B7E9EDE-20DA-4347-8E9B-8C7080282312}
	EndGlobalSection
EndGlobal
