
Microsoft Visual Studio Solution File, Format Version 12.00
# Visual Studio Version 17
VisualStudioVersion = 17.6.33829.357
MinimumVisualStudioVersion = 10.0.40219.1
Project("{FAE04EC0-301F-11D3-BF4B-00C04F79EFBC}") = "G2048", "G2048.csproj", "{90924F8D-B3EC-41BE-9844-6BCCBEFFAADF}"
EndProject
Global
	GlobalSection(SolutionConfigurationPlatforms) = preSolution
		Debug|Any CPU = Debug|Any CPU
		Release|Any CPU = Release|Any CPU
	EndGlobalSection
	GlobalSection(ProjectConfigurationPlatforms) = postSolution
		{90924F8D-B3EC-41BE-9844-6BCCBEFFAADF}.Debug|Any CPU.ActiveCfg = Debug|Any CPU
		{90924F8D-B3EC-41BE-9844-6BCCBEFFAADF}.Debug|Any CPU.Build.0 = Debug|Any CPU
		{90924F8D-B3EC-41BE-9844-6BCCBEFFAADF}.Release|Any CPU.ActiveCfg = Release|Any CPU
		{90924F8D-B3EC-41BE-9844-6BCCBEFFAADF}.Release|Any CPU.Build.0 = Release|Any CPU
	EndGlobalSection
	GlobalSection(SolutionProperties) = preSolution
		HideSolutionNode = FALSE
	EndGlobalSection
	GlobalSection(ExtensibilityGlobals) = postSolution
		SolutionGuid = {627AB4DB-FF5F-47F4-A274-D795565B511F}
	EndGlobalSection
EndGlobal
