
Microsoft Visual Studio Solution File, Format Version 12.00
# Visual Studio Version 17
VisualStudioVersion = 17.6.33829.357
MinimumVisualStudioVersion = 10.0.40219.1
Project("{9A19103F-16F7-4668-BE54-9A1E7A4F7556}") = "Utils", "..\..\Utils\Utils.csproj", "{8ADF3353-090E-4304-8BD2-D2FEFF85B03E}"
EndProject
Project("{9A19103F-16F7-4668-BE54-9A1E7A4F7556}") = "SudokuConsole", "SudokuConsole\SudokuConsole.csproj", "{8ACC97BD-2E0C-451F-8DC0-7D2FA0164088}"
EndProject
Project("{9A19103F-16F7-4668-BE54-9A1E7A4F7556}") = "SudokuForm", "SudokuForm\SudokuForm.csproj", "{CFB0D685-5C17-4E49-9412-AC508B0694A6}"
EndProject
Project("{9A19103F-16F7-4668-BE54-9A1E7A4F7556}") = "Sudoku", "Sudoku\Sudoku.csproj", "{F6D94DB2-B16A-4D70-88E1-C9F58EC8DFC8}"
EndProject
Global
	GlobalSection(SolutionConfigurationPlatforms) = preSolution
		Debug|Any CPU = Debug|Any CPU
		Release|Any CPU = Release|Any CPU
	EndGlobalSection
	GlobalSection(ProjectConfigurationPlatforms) = postSolution
		{8ADF3353-090E-4304-8BD2-D2FEFF85B03E}.Debug|Any CPU.ActiveCfg = Debug|Any CPU
		{8ADF3353-090E-4304-8BD2-D2FEFF85B03E}.Debug|Any CPU.Build.0 = Debug|Any CPU
		{8ADF3353-090E-4304-8BD2-D2FEFF85B03E}.Release|Any CPU.ActiveCfg = Release|Any CPU
		{8ADF3353-090E-4304-8BD2-D2FEFF85B03E}.Release|Any CPU.Build.0 = Release|Any CPU
		{8ACC97BD-2E0C-451F-8DC0-7D2FA0164088}.Debug|Any CPU.ActiveCfg = Debug|Any CPU
		{8ACC97BD-2E0C-451F-8DC0-7D2FA0164088}.Debug|Any CPU.Build.0 = Debug|Any CPU
		{8ACC97BD-2E0C-451F-8DC0-7D2FA0164088}.Release|Any CPU.ActiveCfg = Release|Any CPU
		{8ACC97BD-2E0C-451F-8DC0-7D2FA0164088}.Release|Any CPU.Build.0 = Release|Any CPU
		{CFB0D685-5C17-4E49-9412-AC508B0694A6}.Debug|Any CPU.ActiveCfg = Debug|Any CPU
		{CFB0D685-5C17-4E49-9412-AC508B0694A6}.Debug|Any CPU.Build.0 = Debug|Any CPU
		{CFB0D685-5C17-4E49-9412-AC508B0694A6}.Release|Any CPU.ActiveCfg = Release|Any CPU
		{CFB0D685-5C17-4E49-9412-AC508B0694A6}.Release|Any CPU.Build.0 = Release|Any CPU
		{F6D94DB2-B16A-4D70-88E1-C9F58EC8DFC8}.Debug|Any CPU.ActiveCfg = Debug|Any CPU
		{F6D94DB2-B16A-4D70-88E1-C9F58EC8DFC8}.Debug|Any CPU.Build.0 = Debug|Any CPU
		{F6D94DB2-B16A-4D70-88E1-C9F58EC8DFC8}.Release|Any CPU.ActiveCfg = Release|Any CPU
		{F6D94DB2-B16A-4D70-88E1-C9F58EC8DFC8}.Release|Any CPU.Build.0 = Release|Any CPU
	EndGlobalSection
	GlobalSection(SolutionProperties) = preSolution
		HideSolutionNode = FALSE
	EndGlobalSection
	GlobalSection(ExtensibilityGlobals) = postSolution
		SolutionGuid = {D39B08E4-FC54-4949-B34F-A7723AE39655}
	EndGlobalSection
EndGlobal
