
Microsoft Visual Studio Solution File, Format Version 12.00
# Visual Studio Version 17
VisualStudioVersion = 17.6.33829.357
MinimumVisualStudioVersion = 10.0.40219.1
Project("{9A19103F-16F7-4668-BE54-9A1E7A4F7556}") = "Sudoku", "Sudoku.csproj", "{104592E2-7082-498A-AC3B-F6BA66F9593C}"
EndProject
Project("{9A19103F-16F7-4668-BE54-9A1E7A4F7556}") = "Utils", "..\..\Utils\Utils.csproj", "{8ADF3353-090E-4304-8BD2-D2FEFF85B03E}"
EndProject
Project("{FAE04EC0-301F-11D3-BF4B-00C04F79EFBC}") = "SudokuConsole", "..\SudokuConsole\SudokuConsole.csproj", "{0B5500C7-F353-4F5D-9FAF-13C7F632AD88}"
EndProject
Global
	GlobalSection(SolutionConfigurationPlatforms) = preSolution
		Debug|Any CPU = Debug|Any CPU
		Release|Any CPU = Release|Any CPU
	EndGlobalSection
	GlobalSection(ProjectConfigurationPlatforms) = postSolution
		{104592E2-7082-498A-AC3B-F6BA66F9593C}.Debug|Any CPU.ActiveCfg = Debug|Any CPU
		{104592E2-7082-498A-AC3B-F6BA66F9593C}.Debug|Any CPU.Build.0 = Debug|Any CPU
		{104592E2-7082-498A-AC3B-F6BA66F9593C}.Release|Any CPU.ActiveCfg = Release|Any CPU
		{104592E2-7082-498A-AC3B-F6BA66F9593C}.Release|Any CPU.Build.0 = Release|Any CPU
		{8ADF3353-090E-4304-8BD2-D2FEFF85B03E}.Debug|Any CPU.ActiveCfg = Debug|Any CPU
		{8ADF3353-090E-4304-8BD2-D2FEFF85B03E}.Debug|Any CPU.Build.0 = Debug|Any CPU
		{8ADF3353-090E-4304-8BD2-D2FEFF85B03E}.Release|Any CPU.ActiveCfg = Release|Any CPU
		{8ADF3353-090E-4304-8BD2-D2FEFF85B03E}.Release|Any CPU.Build.0 = Release|Any CPU
		{0B5500C7-F353-4F5D-9FAF-13C7F632AD88}.Debug|Any CPU.ActiveCfg = Debug|Any CPU
		{0B5500C7-F353-4F5D-9FAF-13C7F632AD88}.Debug|Any CPU.Build.0 = Debug|Any CPU
		{0B5500C7-F353-4F5D-9FAF-13C7F632AD88}.Release|Any CPU.ActiveCfg = Release|Any CPU
		{0B5500C7-F353-4F5D-9FAF-13C7F632AD88}.Release|Any CPU.Build.0 = Release|Any CPU
	EndGlobalSection
	GlobalSection(SolutionProperties) = preSolution
		HideSolutionNode = FALSE
	EndGlobalSection
	GlobalSection(ExtensibilityGlobals) = postSolution
		SolutionGuid = {D39B08E4-FC54-4949-B34F-A7723AE39655}
	EndGlobalSection
EndGlobal
